
Microsoft Visual Studio Solution File, Format Version 12.00
# Visual Studio Version 17
VisualStudioVersion = 17.4.33213.308
MinimumVisualStudioVersion = 10.0.40219.1
Project("{FAE04EC0-301F-11D3-BF4B-00C04F79EFBC}") = "UsbCameraForms", "SampleProject\UsbCameraForms\UsbCameraForms.csproj", "{955A7B9F-8D8F-4095-A65D-9FA341FA9A96}"
EndProject
Project("{FAE04EC0-301F-11D3-BF4B-00C04F79EFBC}") = "UsbCameraWpf", "SampleProject\UsbCameraWpf\UsbCameraWpf.csproj", "{1FF8AEC1-6727-4659-9273-435C1B0FD872}"
EndProject
Project("{FAE04EC0-301F-11D3-BF4B-00C04F79EFBC}") = "UsbCameraLib", "UsbCameraLib\UsbCameraLib.csproj", "{376AFDFE-2103-436E-92AE-0790B684C413}"
EndProject
Global
	GlobalSection(SolutionConfigurationPlatforms) = preSolution
		Debug|Any CPU = Debug|Any CPU
		Release|Any CPU = Release|Any CPU
		USBCAMERA_BYTEARRAY|Any CPU = USBCAMERA_BYTEARRAY|Any CPU
		USBCAMERA_WPF|Any CPU = USBCAMERA_WPF|Any CPU
	EndGlobalSection
	GlobalSection(ProjectConfigurationPlatforms) = postSolution
		{955A7B9F-8D8F-4095-A65D-9FA341FA9A96}.Debug|Any CPU.ActiveCfg = Debug|Any CPU
		{955A7B9F-8D8F-4095-A65D-9FA341FA9A96}.Debug|Any CPU.Build.0 = Debug|Any CPU
		{955A7B9F-8D8F-4095-A65D-9FA341FA9A96}.Release|Any CPU.ActiveCfg = Release|Any CPU
		{955A7B9F-8D8F-4095-A65D-9FA341FA9A96}.Release|Any CPU.Build.0 = Release|Any CPU
		{955A7B9F-8D8F-4095-A65D-9FA341FA9A96}.USBCAMERA_BYTEARRAY|Any CPU.ActiveCfg = USBCAMERA_BYTEARRAY|Any CPU
		{955A7B9F-8D8F-4095-A65D-9FA341FA9A96}.USBCAMERA_BYTEARRAY|Any CPU.Build.0 = USBCAMERA_BYTEARRAY|Any CPU
		{955A7B9F-8D8F-4095-A65D-9FA341FA9A96}.USBCAMERA_WPF|Any CPU.ActiveCfg = USBCAMERA_WPF|Any CPU
		{955A7B9F-8D8F-4095-A65D-9FA341FA9A96}.USBCAMERA_WPF|Any CPU.Build.0 = USBCAMERA_WPF|Any CPU
		{1FF8AEC1-6727-4659-9273-435C1B0FD872}.Debug|Any CPU.ActiveCfg = Debug|Any CPU
		{1FF8AEC1-6727-4659-9273-435C1B0FD872}.Debug|Any CPU.Build.0 = Debug|Any CPU
		{1FF8AEC1-6727-4659-9273-435C1B0FD872}.Release|Any CPU.ActiveCfg = Release|Any CPU
		{1FF8AEC1-6727-4659-9273-435C1B0FD872}.Release|Any CPU.Build.0 = Release|Any CPU
		{1FF8AEC1-6727-4659-9273-435C1B0FD872}.USBCAMERA_BYTEARRAY|Any CPU.ActiveCfg = USBCAMERA_BYTEARRAY|Any CPU
		{1FF8AEC1-6727-4659-9273-435C1B0FD872}.USBCAMERA_BYTEARRAY|Any CPU.Build.0 = USBCAMERA_BYTEARRAY|Any CPU
		{1FF8AEC1-6727-4659-9273-435C1B0FD872}.USBCAMERA_WPF|Any CPU.ActiveCfg = USBCAMERA_WPF|Any CPU
		{1FF8AEC1-6727-4659-9273-435C1B0FD872}.USBCAMERA_WPF|Any CPU.Build.0 = USBCAMERA_WPF|Any CPU
		{376AFDFE-2103-436E-92AE-0790B684C413}.Debug|Any CPU.ActiveCfg = Debug|Any CPU
		{376AFDFE-2103-436E-92AE-0790B684C413}.Debug|Any CPU.Build.0 = Debug|Any CPU
		{376AFDFE-2103-436E-92AE-0790B684C413}.Release|Any CPU.ActiveCfg = Release|Any CPU
		{376AFDFE-2103-436E-92AE-0790B684C413}.Release|Any CPU.Build.0 = Release|Any CPU
		{376AFDFE-2103-436E-92AE-0790B684C413}.USBCAMERA_BYTEARRAY|Any CPU.ActiveCfg = USBCAMERA_BYTEARRAY|Any CPU
		{376AFDFE-2103-436E-92AE-0790B684C413}.USBCAMERA_BYTEARRAY|Any CPU.Build.0 = USBCAMERA_BYTEARRAY|Any CPU
		{376AFDFE-2103-436E-92AE-0790B684C413}.USBCAMERA_WPF|Any CPU.ActiveCfg = USBCAMERA_WPF|Any CPU
		{376AFDFE-2103-436E-92AE-0790B684C413}.USBCAMERA_WPF|Any CPU.Build.0 = USBCAMERA_WPF|Any CPU
	EndGlobalSection
	GlobalSection(SolutionProperties) = preSolution
		HideSolutionNode = FALSE
	EndGlobalSection
	GlobalSection(ExtensibilityGlobals) = postSolution
		SolutionGuid = {5DB4066C-2884-4249-9F3F-610464300C6D}
	EndGlobalSection
EndGlobal
