
Microsoft Visual Studio Solution File, Format Version 12.00
# Visual Studio Version 17
VisualStudioVersion = 17.4.33213.308
MinimumVisualStudioVersion = 10.0.40219.1
Project("{FAE04EC0-301F-11D3-BF4B-00C04F79EFBC}") = "UsbCameraForms", "samples\UsbCameraForms\UsbCameraForms.csproj", "{955A7B9F-8D8F-4095-A65D-9FA341FA9A96}"
EndProject
Project("{FAE04EC0-301F-11D3-BF4B-00C04F79EFBC}") = "UsbCameraWpf", "samples\UsbCameraWpf\UsbCameraWpf.csproj", "{1FF8AEC1-6727-4659-9273-435C1B0FD872}"
EndProject
Project("{FAE04EC0-301F-11D3-BF4B-00C04F79EFBC}") = "UsbCameraByteArray", "src\UsbCameraByteArray\UsbCameraByteArray.csproj", "{B0F887EF-0F54-4176-9E3C-2BCB4B3C8667}"
EndProject
Project("{FAE04EC0-301F-11D3-BF4B-00C04F79EFBC}") = "UsbCamera.Net", "src\UsbCamera.Net\UsbCamera.Net.csproj", "{5E766494-A995-415A-9DFF-60C3B34421A9}"
EndProject
Project("{2150E333-8FDC-42A3-9474-1A3956D46DE8}") = "src", "src", "{7D594FE4-F8B0-46BE-918D-61C4A366BDD1}"
EndProject
Project("{2150E333-8FDC-42A3-9474-1A3956D46DE8}") = "samples", "samples", "{0E778ACE-3F12-49D8-9045-1770779CD586}"
EndProject
Project("{2150E333-8FDC-42A3-9474-1A3956D46DE8}") = "tests", "tests", "{21469B5E-3BC3-410A-9A0B-716D10BC44F2}"
EndProject
Global
	GlobalSection(SolutionConfigurationPlatforms) = preSolution
		Debug|Any CPU = Debug|Any CPU
		Release|Any CPU = Release|Any CPU
		USBCAMERA_WPF|Any CPU = USBCAMERA_WPF|Any CPU
	EndGlobalSection
	GlobalSection(ProjectConfigurationPlatforms) = postSolution
		{955A7B9F-8D8F-4095-A65D-9FA341FA9A96}.Debug|Any CPU.ActiveCfg = Debug|Any CPU
		{955A7B9F-8D8F-4095-A65D-9FA341FA9A96}.Debug|Any CPU.Build.0 = Debug|Any CPU
		{955A7B9F-8D8F-4095-A65D-9FA341FA9A96}.Release|Any CPU.ActiveCfg = Release|Any CPU
		{955A7B9F-8D8F-4095-A65D-9FA341FA9A96}.Release|Any CPU.Build.0 = Release|Any CPU
		{955A7B9F-8D8F-4095-A65D-9FA341FA9A96}.USBCAMERA_WPF|Any CPU.ActiveCfg = WPF|Any CPU
		{955A7B9F-8D8F-4095-A65D-9FA341FA9A96}.USBCAMERA_WPF|Any CPU.Build.0 = WPF|Any CPU
		{1FF8AEC1-6727-4659-9273-435C1B0FD872}.Debug|Any CPU.ActiveCfg = Debug|Any CPU
		{1FF8AEC1-6727-4659-9273-435C1B0FD872}.Debug|Any CPU.Build.0 = Debug|Any CPU
		{1FF8AEC1-6727-4659-9273-435C1B0FD872}.Release|Any CPU.ActiveCfg = Release|Any CPU
		{1FF8AEC1-6727-4659-9273-435C1B0FD872}.Release|Any CPU.Build.0 = Release|Any CPU
		{1FF8AEC1-6727-4659-9273-435C1B0FD872}.USBCAMERA_WPF|Any CPU.ActiveCfg = WPF|Any CPU
		{1FF8AEC1-6727-4659-9273-435C1B0FD872}.USBCAMERA_WPF|Any CPU.Build.0 = WPF|Any CPU
		{B0F887EF-0F54-4176-9E3C-2BCB4B3C8667}.Debug|Any CPU.ActiveCfg = Debug|Any CPU
		{B0F887EF-0F54-4176-9E3C-2BCB4B3C8667}.Debug|Any CPU.Build.0 = Debug|Any CPU
		{B0F887EF-0F54-4176-9E3C-2BCB4B3C8667}.Release|Any CPU.ActiveCfg = Release|Any CPU
		{B0F887EF-0F54-4176-9E3C-2BCB4B3C8667}.Release|Any CPU.Build.0 = Release|Any CPU
		{B0F887EF-0F54-4176-9E3C-2BCB4B3C8667}.USBCAMERA_WPF|Any CPU.ActiveCfg = WPF|Any CPU
		{B0F887EF-0F54-4176-9E3C-2BCB4B3C8667}.USBCAMERA_WPF|Any CPU.Build.0 = WPF|Any CPU
		{5E766494-A995-415A-9DFF-60C3B34421A9}.Debug|Any CPU.ActiveCfg = WPF|Any CPU
		{5E766494-A995-415A-9DFF-60C3B34421A9}.Debug|Any CPU.Build.0 = WPF|Any CPU
		{5E766494-A995-415A-9DFF-60C3B34421A9}.Release|Any CPU.ActiveCfg = Release|Any CPU
		{5E766494-A995-415A-9DFF-60C3B34421A9}.Release|Any CPU.Build.0 = Release|Any CPU
		{5E766494-A995-415A-9DFF-60C3B34421A9}.USBCAMERA_WPF|Any CPU.ActiveCfg = WPF|Any CPU
		{5E766494-A995-415A-9DFF-60C3B34421A9}.USBCAMERA_WPF|Any CPU.Build.0 = WPF|Any CPU
	EndGlobalSection
	GlobalSection(SolutionProperties) = preSolution
		HideSolutionNode = FALSE
	EndGlobalSection
	GlobalSection(NestedProjects) = preSolution
		{955A7B9F-8D8F-4095-A65D-9FA341FA9A96} = {0E778ACE-3F12-49D8-9045-1770779CD586}
		{1FF8AEC1-6727-4659-9273-435C1B0FD872} = {0E778ACE-3F12-49D8-9045-1770779CD586}
		{B0F887EF-0F54-4176-9E3C-2BCB4B3C8667} = {7D594FE4-F8B0-46BE-918D-61C4A366BDD1}
		{5E766494-A995-415A-9DFF-60C3B34421A9} = {7D594FE4-F8B0-46BE-918D-61C4A366BDD1}
	EndGlobalSection
	GlobalSection(ExtensibilityGlobals) = postSolution
		SolutionGuid = {DF909276-8A10-4890-8705-96AEA457E5EB}
	EndGlobalSection
EndGlobal
